
Microsoft Visual Studio Solution File, Format Version 12.00
# Visual Studio 15
Project("{FAE04EC0-301F-11D3-BF4B-00C04F79EFBC}") = "Assembly-CSharp", "Assembly-CSharp.csproj", "{616164BD-550C-4FE8-60B1-1A4215613FC1}"
EndProject
Project("{FAE04EC0-301F-11D3-BF4B-00C04F79EFBC}") = "Assembly-CSharp-Editor", "Assembly-CSharp-Editor.csproj", "{C940BD38-BA15-0026-78AF-EE44F3E7B113}"
EndProject
Global
	GlobalSection(SolutionConfigurationPlatforms) = preSolution
		Debug|Any CPU = Debug|Any CPU
		Release|Any CPU = Release|Any CPU
	EndGlobalSection
	GlobalSection(ProjectConfigurationPlatforms) = postSolution
		{616164BD-550C-4FE8-60B1-1A4215613FC1}.Debug|Any CPU.ActiveCfg = Debug|Any CPU
		{616164BD-550C-4FE8-60B1-1A4215613FC1}.Debug|Any CPU.Build.0 = Debug|Any CPU
		{616164BD-550C-4FE8-60B1-1A4215613FC1}.Release|Any CPU.ActiveCfg = Release|Any CPU
		{616164BD-550C-4FE8-60B1-1A4215613FC1}.Release|Any CPU.Build.0 = Release|Any CPU
		{C940BD38-BA15-0026-78AF-EE44F3E7B113}.Debug|Any CPU.ActiveCfg = Debug|Any CPU
		{C940BD38-BA15-0026-78AF-EE44F3E7B113}.Debug|Any CPU.Build.0 = Debug|Any CPU
		{C940BD38-BA15-0026-78AF-EE44F3E7B113}.Release|Any CPU.ActiveCfg = Release|Any CPU
		{C940BD38-BA15-0026-78AF-EE44F3E7B113}.Release|Any CPU.Build.0 = Release|Any CPU
	EndGlobalSection
	GlobalSection(SolutionProperties) = preSolution
		HideSolutionNode = FALSE
	EndGlobalSection
EndGlobal
